
Microsoft Visual Studio Solution File, Format Version 12.00
# Visual Studio Version 16
VisualStudioVersion = 16.0.30621.155
MinimumVisualStudioVersion = 10.0.40219.1
Project("{FAE04EC0-301F-11D3-BF4B-00C04F79EFBC}") = "Homework", "Homework\Homework.csproj", "{8EBB9436-5065-475C-969A-057F6B170382}"
EndProject
Global
	GlobalSection(SolutionConfigurationPlatforms) = preSolution
		Debug|Any CPU = Debug|Any CPU
		Release|Any CPU = Release|Any CPU
	EndGlobalSection
	GlobalSection(ProjectConfigurationPlatforms) = postSolution
		{8EBB9436-5065-475C-969A-057F6B170382}.Debug|Any CPU.ActiveCfg = Debug|Any CPU
		{8EBB9436-5065-475C-969A-057F6B170382}.Debug|Any CPU.Build.0 = Debug|Any CPU
		{8EBB9436-5065-475C-969A-057F6B170382}.Release|Any CPU.ActiveCfg = Release|Any CPU
		{8EBB9436-5065-475C-969A-057F6B170382}.Release|Any CPU.Build.0 = Release|Any CPU
	EndGlobalSection
	GlobalSection(SolutionProperties) = preSolution
		HideSolutionNode = FALSE
	EndGlobalSection
	GlobalSection(ExtensibilityGlobals) = postSolution
		SolutionGuid = {504ACF35-4699-4377-B758-4765A5279F60}
	EndGlobalSection
EndGlobal
